
Microsoft Visual Studio Solution File, Format Version 12.00
# Visual Studio Version 16
VisualStudioVersion = 16.0.31112.23
MinimumVisualStudioVersion = 10.0.40219.1
Project("{9A19103F-16F7-4668-BE54-9A1E7A4F7556}") = "TradeClientTestTemplate", "TradeClientTestTemplate\TradeClientTestTemplate.csproj", "{2F393FBB-8359-4815-8D73-85891BCBF506}"
EndProject
Project("{9A19103F-16F7-4668-BE54-9A1E7A4F7556}") = "QuickFix", "..\..\..\Desktop\QuickFIXnn\QuickFIXn\QuickFix.csproj", "{F6A9D799-0674-4371-98F6-30632E44017B}"
EndProject
Project("{9A19103F-16F7-4668-BE54-9A1E7A4F7556}") = "QuickFix.FIX42", "..\..\..\Desktop\QuickFIXnn\Messages\FIX42\QuickFix.FIX42.csproj", "{F3B250B8-E0A3-4C39-A111-A3A962BB7949}"
EndProject
Project("{FAE04EC0-301F-11D3-BF4B-00C04F79EFBC}") = "FixInitiator", "FixInitiator\FixInitiator.csproj", "{480093A5-72DF-4910-9BB3-BB1046E5885E}"
EndProject
Global
	GlobalSection(SolutionConfigurationPlatforms) = preSolution
		Debug|Any CPU = Debug|Any CPU
		Debug|x64 = Debug|x64
		Release|Any CPU = Release|Any CPU
		Release|x64 = Release|x64
	EndGlobalSection
	GlobalSection(ProjectConfigurationPlatforms) = postSolution
		{2F393FBB-8359-4815-8D73-85891BCBF506}.Debug|Any CPU.ActiveCfg = Debug|Any CPU
		{2F393FBB-8359-4815-8D73-85891BCBF506}.Debug|Any CPU.Build.0 = Debug|Any CPU
		{2F393FBB-8359-4815-8D73-85891BCBF506}.Debug|x64.ActiveCfg = Debug|Any CPU
		{2F393FBB-8359-4815-8D73-85891BCBF506}.Debug|x64.Build.0 = Debug|Any CPU
		{2F393FBB-8359-4815-8D73-85891BCBF506}.Release|Any CPU.ActiveCfg = Release|Any CPU
		{2F393FBB-8359-4815-8D73-85891BCBF506}.Release|Any CPU.Build.0 = Release|Any CPU
		{2F393FBB-8359-4815-8D73-85891BCBF506}.Release|x64.ActiveCfg = Release|Any CPU
		{2F393FBB-8359-4815-8D73-85891BCBF506}.Release|x64.Build.0 = Release|Any CPU
		{F6A9D799-0674-4371-98F6-30632E44017B}.Debug|Any CPU.ActiveCfg = Debug|Any CPU
		{F6A9D799-0674-4371-98F6-30632E44017B}.Debug|Any CPU.Build.0 = Debug|Any CPU
		{F6A9D799-0674-4371-98F6-30632E44017B}.Debug|x64.ActiveCfg = Debug|x64
		{F6A9D799-0674-4371-98F6-30632E44017B}.Debug|x64.Build.0 = Debug|x64
		{F6A9D799-0674-4371-98F6-30632E44017B}.Release|Any CPU.ActiveCfg = Release|Any CPU
		{F6A9D799-0674-4371-98F6-30632E44017B}.Release|Any CPU.Build.0 = Release|Any CPU
		{F6A9D799-0674-4371-98F6-30632E44017B}.Release|x64.ActiveCfg = Release|x64
		{F6A9D799-0674-4371-98F6-30632E44017B}.Release|x64.Build.0 = Release|x64
		{F3B250B8-E0A3-4C39-A111-A3A962BB7949}.Debug|Any CPU.ActiveCfg = Debug|Any CPU
		{F3B250B8-E0A3-4C39-A111-A3A962BB7949}.Debug|Any CPU.Build.0 = Debug|Any CPU
		{F3B250B8-E0A3-4C39-A111-A3A962BB7949}.Debug|x64.ActiveCfg = Debug|x64
		{F3B250B8-E0A3-4C39-A111-A3A962BB7949}.Debug|x64.Build.0 = Debug|x64
		{F3B250B8-E0A3-4C39-A111-A3A962BB7949}.Release|Any CPU.ActiveCfg = Release|Any CPU
		{F3B250B8-E0A3-4C39-A111-A3A962BB7949}.Release|Any CPU.Build.0 = Release|Any CPU
		{F3B250B8-E0A3-4C39-A111-A3A962BB7949}.Release|x64.ActiveCfg = Release|x64
		{F3B250B8-E0A3-4C39-A111-A3A962BB7949}.Release|x64.Build.0 = Release|x64
		{480093A5-72DF-4910-9BB3-BB1046E5885E}.Debug|Any CPU.ActiveCfg = Debug|Any CPU
		{480093A5-72DF-4910-9BB3-BB1046E5885E}.Debug|Any CPU.Build.0 = Debug|Any CPU
		{480093A5-72DF-4910-9BB3-BB1046E5885E}.Debug|x64.ActiveCfg = Debug|Any CPU
		{480093A5-72DF-4910-9BB3-BB1046E5885E}.Debug|x64.Build.0 = Debug|Any CPU
		{480093A5-72DF-4910-9BB3-BB1046E5885E}.Release|Any CPU.ActiveCfg = Release|Any CPU
		{480093A5-72DF-4910-9BB3-BB1046E5885E}.Release|Any CPU.Build.0 = Release|Any CPU
		{480093A5-72DF-4910-9BB3-BB1046E5885E}.Release|x64.ActiveCfg = Release|Any CPU
		{480093A5-72DF-4910-9BB3-BB1046E5885E}.Release|x64.Build.0 = Release|Any CPU
	EndGlobalSection
	GlobalSection(SolutionProperties) = preSolution
		HideSolutionNode = FALSE
	EndGlobalSection
	GlobalSection(ExtensibilityGlobals) = postSolution
		SolutionGuid = {7639896B-0DD4-43D6-950F-7B272DEA8276}
	EndGlobalSection
EndGlobal
