
Microsoft Visual Studio Solution File, Format Version 12.00
# Visual Studio Version 16
VisualStudioVersion = 16.0.31112.23
MinimumVisualStudioVersion = 10.0.40219.1
Project("{9A19103F-16F7-4668-BE54-9A1E7A4F7556}") = "TradeClientTestTemplate", "TradeClientTestTemplate\TradeClientTestTemplate.csproj", "{2F393FBB-8359-4815-8D73-85891BCBF506}"
EndProject
Global
	GlobalSection(SolutionConfigurationPlatforms) = preSolution
		Debug|Any CPU = Debug|Any CPU
		Release|Any CPU = Release|Any CPU
	EndGlobalSection
	GlobalSection(ProjectConfigurationPlatforms) = postSolution
		{2F393FBB-8359-4815-8D73-85891BCBF506}.Debug|Any CPU.ActiveCfg = Debug|Any CPU
		{2F393FBB-8359-4815-8D73-85891BCBF506}.Debug|Any CPU.Build.0 = Debug|Any CPU
		{2F393FBB-8359-4815-8D73-85891BCBF506}.Release|Any CPU.ActiveCfg = Release|Any CPU
		{2F393FBB-8359-4815-8D73-85891BCBF506}.Release|Any CPU.Build.0 = Release|Any CPU
	EndGlobalSection
	GlobalSection(SolutionProperties) = preSolution
		HideSolutionNode = FALSE
	EndGlobalSection
	GlobalSection(ExtensibilityGlobals) = postSolution
		SolutionGuid = {7639896B-0DD4-43D6-950F-7B272DEA8276}
	EndGlobalSection
EndGlobal
