
Microsoft Visual Studio Solution File, Format Version 12.00
# Visual Studio Version 16
VisualStudioVersion = 16.0.31112.23
MinimumVisualStudioVersion = 10.0.40219.1
Project("{9A19103F-16F7-4668-BE54-9A1E7A4F7556}") = "TradeClientTestTemplate", "TradeClientTestTemplate\TradeClientTestTemplate.csproj", "{2F393FBB-8359-4815-8D73-85891BCBF506}"
EndProject
Project("{9A19103F-16F7-4668-BE54-9A1E7A4F7556}") = "QuickFix.FIX42", "FIX42\QuickFix.FIX42.csproj", "{6FDB2F72-1065-462D-97D3-3BFE00188BA1}"
EndProject
Project("{9A19103F-16F7-4668-BE54-9A1E7A4F7556}") = "QuickFix", "QuickFIXn\QuickFix.csproj", "{88CE5487-E894-48F2-9C8A-7FF6613B5751}"
EndProject
Global
	GlobalSection(SolutionConfigurationPlatforms) = preSolution
		Debug|Any CPU = Debug|Any CPU
		Debug|x64 = Debug|x64
		Release|Any CPU = Release|Any CPU
		Release|x64 = Release|x64
	EndGlobalSection
	GlobalSection(ProjectConfigurationPlatforms) = postSolution
		{2F393FBB-8359-4815-8D73-85891BCBF506}.Debug|Any CPU.ActiveCfg = Debug|Any CPU
		{2F393FBB-8359-4815-8D73-85891BCBF506}.Debug|Any CPU.Build.0 = Debug|Any CPU
		{2F393FBB-8359-4815-8D73-85891BCBF506}.Debug|x64.ActiveCfg = Debug|Any CPU
		{2F393FBB-8359-4815-8D73-85891BCBF506}.Debug|x64.Build.0 = Debug|Any CPU
		{2F393FBB-8359-4815-8D73-85891BCBF506}.Release|Any CPU.ActiveCfg = Release|Any CPU
		{2F393FBB-8359-4815-8D73-85891BCBF506}.Release|Any CPU.Build.0 = Release|Any CPU
		{2F393FBB-8359-4815-8D73-85891BCBF506}.Release|x64.ActiveCfg = Release|Any CPU
		{2F393FBB-8359-4815-8D73-85891BCBF506}.Release|x64.Build.0 = Release|Any CPU
		{6FDB2F72-1065-462D-97D3-3BFE00188BA1}.Debug|Any CPU.ActiveCfg = Debug|Any CPU
		{6FDB2F72-1065-462D-97D3-3BFE00188BA1}.Debug|Any CPU.Build.0 = Debug|Any CPU
		{6FDB2F72-1065-462D-97D3-3BFE00188BA1}.Debug|x64.ActiveCfg = Debug|x64
		{6FDB2F72-1065-462D-97D3-3BFE00188BA1}.Debug|x64.Build.0 = Debug|x64
		{6FDB2F72-1065-462D-97D3-3BFE00188BA1}.Release|Any CPU.ActiveCfg = Release|Any CPU
		{6FDB2F72-1065-462D-97D3-3BFE00188BA1}.Release|Any CPU.Build.0 = Release|Any CPU
		{6FDB2F72-1065-462D-97D3-3BFE00188BA1}.Release|x64.ActiveCfg = Release|x64
		{6FDB2F72-1065-462D-97D3-3BFE00188BA1}.Release|x64.Build.0 = Release|x64
		{88CE5487-E894-48F2-9C8A-7FF6613B5751}.Debug|Any CPU.ActiveCfg = Debug|Any CPU
		{88CE5487-E894-48F2-9C8A-7FF6613B5751}.Debug|Any CPU.Build.0 = Debug|Any CPU
		{88CE5487-E894-48F2-9C8A-7FF6613B5751}.Debug|x64.ActiveCfg = Debug|x64
		{88CE5487-E894-48F2-9C8A-7FF6613B5751}.Debug|x64.Build.0 = Debug|x64
		{88CE5487-E894-48F2-9C8A-7FF6613B5751}.Release|Any CPU.ActiveCfg = Release|Any CPU
		{88CE5487-E894-48F2-9C8A-7FF6613B5751}.Release|Any CPU.Build.0 = Release|Any CPU
		{88CE5487-E894-48F2-9C8A-7FF6613B5751}.Release|x64.ActiveCfg = Release|x64
		{88CE5487-E894-48F2-9C8A-7FF6613B5751}.Release|x64.Build.0 = Release|x64
	EndGlobalSection
	GlobalSection(SolutionProperties) = preSolution
		HideSolutionNode = FALSE
	EndGlobalSection
	GlobalSection(ExtensibilityGlobals) = postSolution
		SolutionGuid = {7639896B-0DD4-43D6-950F-7B272DEA8276}
	EndGlobalSection
EndGlobal
